
Microsoft Visual Studio Solution File, Format Version 12.00
# Visual Studio Version 17
VisualStudioVersion = 17.4.33103.184
MinimumVisualStudioVersion = 10.0.40219.1
Project("{9A19103F-16F7-4668-BE54-9A1E7A4F7556}") = "BulkyBookWeb", "BulkyWeb\BulkyBookWeb.csproj", "{89562F14-AC35-4B58-8CFA-9BD0EF7247E1}"
EndProject
Project("{9A19103F-16F7-4668-BE54-9A1E7A4F7556}") = "BulkyBook.DataAccess", "Bulky.DataAccess\BulkyBook.DataAccess.csproj", "{B2C2E498-9E53-449C-846D-D3D18CA01087}"
EndProject
Project("{9A19103F-16F7-4668-BE54-9A1E7A4F7556}") = "BulkyBook.Models", "Bulky.Models\BulkyBook.Models.csproj", "{C9FD8B14-C5FD-4EEE-B028-92DB036AA3B8}"
EndProject
Project("{9A19103F-16F7-4668-BE54-9A1E7A4F7556}") = "BulkyBook.Utility", "Bulky.Utility\BulkyBook.Utility.csproj", "{F1171CCE-4BE3-4F0D-8112-AF4FD007FFB2}"
EndProject
Global
	GlobalSection(SolutionConfigurationPlatforms) = preSolution
		Debug|Any CPU = Debug|Any CPU
		Release|Any CPU = Release|Any CPU
	EndGlobalSection
	GlobalSection(ProjectConfigurationPlatforms) = postSolution
		{89562F14-AC35-4B58-8CFA-9BD0EF7247E1}.Debug|Any CPU.ActiveCfg = Debug|Any CPU
		{89562F14-AC35-4B58-8CFA-9BD0EF7247E1}.Debug|Any CPU.Build.0 = Debug|Any CPU
		{89562F14-AC35-4B58-8CFA-9BD0EF7247E1}.Release|Any CPU.ActiveCfg = Release|Any CPU
		{89562F14-AC35-4B58-8CFA-9BD0EF7247E1}.Release|Any CPU.Build.0 = Release|Any CPU
		{B2C2E498-9E53-449C-846D-D3D18CA01087}.Debug|Any CPU.ActiveCfg = Debug|Any CPU
		{B2C2E498-9E53-449C-846D-D3D18CA01087}.Debug|Any CPU.Build.0 = Debug|Any CPU
		{B2C2E498-9E53-449C-846D-D3D18CA01087}.Release|Any CPU.ActiveCfg = Release|Any CPU
		{B2C2E498-9E53-449C-846D-D3D18CA01087}.Release|Any CPU.Build.0 = Release|Any CPU
		{C9FD8B14-C5FD-4EEE-B028-92DB036AA3B8}.Debug|Any CPU.ActiveCfg = Debug|Any CPU
		{C9FD8B14-C5FD-4EEE-B028-92DB036AA3B8}.Debug|Any CPU.Build.0 = Debug|Any CPU
		{C9FD8B14-C5FD-4EEE-B028-92DB036AA3B8}.Release|Any CPU.ActiveCfg = Release|Any CPU
		{C9FD8B14-C5FD-4EEE-B028-92DB036AA3B8}.Release|Any CPU.Build.0 = Release|Any CPU
		{F1171CCE-4BE3-4F0D-8112-AF4FD007FFB2}.Debug|Any CPU.ActiveCfg = Debug|Any CPU
		{F1171CCE-4BE3-4F0D-8112-AF4FD007FFB2}.Debug|Any CPU.Build.0 = Debug|Any CPU
		{F1171CCE-4BE3-4F0D-8112-AF4FD007FFB2}.Release|Any CPU.ActiveCfg = Release|Any CPU
		{F1171CCE-4BE3-4F0D-8112-AF4FD007FFB2}.Release|Any CPU.Build.0 = Release|Any CPU
	EndGlobalSection
	GlobalSection(SolutionProperties) = preSolution
		HideSolutionNode = FALSE
	EndGlobalSection
	GlobalSection(ExtensibilityGlobals) = postSolution
		SolutionGuid = {8E14D07F-1284-43EF-8858-AB143C373AA6}
	EndGlobalSection
EndGlobal
